
Microsoft Visual Studio Solution File, Format Version 12.00
# Visual Studio 15
VisualStudioVersion = 15.0.28307.489
MinimumVisualStudioVersion = 10.0.40219.1
Project("{FAE04EC0-301F-11D3-BF4B-00C04F79EFBC}") = "BasicPaint", "BasicPaint\BasicPaint.csproj", "{6E70D0CA-C159-45BD-868C-9E735FE2D1BD}"
EndProject
Global
	GlobalSection(SolutionConfigurationPlatforms) = preSolution
		Debug|Any CPU = Debug|Any CPU
		Release|Any CPU = Release|Any CPU
	EndGlobalSection
	GlobalSection(ProjectConfigurationPlatforms) = postSolution
		{6E70D0CA-C159-45BD-868C-9E735FE2D1BD}.Debug|Any CPU.ActiveCfg = Debug|Any CPU
		{6E70D0CA-C159-45BD-868C-9E735FE2D1BD}.Debug|Any CPU.Build.0 = Debug|Any CPU
		{6E70D0CA-C159-45BD-868C-9E735FE2D1BD}.Release|Any CPU.ActiveCfg = Release|Any CPU
		{6E70D0CA-C159-45BD-868C-9E735FE2D1BD}.Release|Any CPU.Build.0 = Release|Any CPU
	EndGlobalSection
	GlobalSection(SolutionProperties) = preSolution
		HideSolutionNode = FALSE
	EndGlobalSection
	GlobalSection(ExtensibilityGlobals) = postSolution
		SolutionGuid = {B44D29F0-029E-41CF-91CC-E483C7748A0A}
	EndGlobalSection
EndGlobal
