
Microsoft Visual Studio Solution File, Format Version 12.00
# Visual Studio 15
VisualStudioVersion = 15.0.28307.421
MinimumVisualStudioVersion = 10.0.40219.1
Project("{FAE04EC0-301F-11D3-BF4B-00C04F79EFBC}") = "Bai 3", "Bai 3\Bai 3.csproj", "{ACEAA3F5-2AB8-4E37-8052-0BDC5CFF1D15}"
EndProject
Global
	GlobalSection(SolutionConfigurationPlatforms) = preSolution
		Debug|Any CPU = Debug|Any CPU
		Release|Any CPU = Release|Any CPU
	EndGlobalSection
	GlobalSection(ProjectConfigurationPlatforms) = postSolution
		{ACEAA3F5-2AB8-4E37-8052-0BDC5CFF1D15}.Debug|Any CPU.ActiveCfg = Debug|Any CPU
		{ACEAA3F5-2AB8-4E37-8052-0BDC5CFF1D15}.Debug|Any CPU.Build.0 = Debug|Any CPU
		{ACEAA3F5-2AB8-4E37-8052-0BDC5CFF1D15}.Release|Any CPU.ActiveCfg = Release|Any CPU
		{ACEAA3F5-2AB8-4E37-8052-0BDC5CFF1D15}.Release|Any CPU.Build.0 = Release|Any CPU
	EndGlobalSection
	GlobalSection(SolutionProperties) = preSolution
		HideSolutionNode = FALSE
	EndGlobalSection
	GlobalSection(ExtensibilityGlobals) = postSolution
		SolutionGuid = {37B13940-FFC6-4216-8447-D3301351C1A2}
	EndGlobalSection
EndGlobal
